// !$*UTF8*$!
{
	archiveVersion = 1;
	classes = {
	};
	objectVersion = 56;
	objects = {

/* Begin PBXBuildFile section */
		843D96E02AE71CB600C4D207 /* CarExpertiesLetGoApp.swift in Sources */ = {isa = PBXBuildFile; fileRef = 843D96DF2AE71CB600C4D207 /* CarExpertiesLetGoApp.swift */; };
		843D96E22AE71CB600C4D207 /* CarModelYearView.swift in Sources */ = {isa = PBXBuildFile; fileRef = 843D96E12AE71CB600C4D207 /* CarModelYearView.swift */; };
		843D96E42AE71CB700C4D207 /* Assets.xcassets in Resources */ = {isa = PBXBuildFile; fileRef = 843D96E32AE71CB700C4D207 /* Assets.xcassets */; };
		843D96E72AE71CB700C4D207 /* Preview Assets.xcassets in Resources */ = {isa = PBXBuildFile; fileRef = 843D96E62AE71CB700C4D207 /* Preview Assets.xcassets */; };
		843D96F12AE71CB700C4D207 /* CarExpertiesLetGoTests.swift in Sources */ = {isa = PBXBuildFile; fileRef = 843D96F02AE71CB700C4D207 /* CarExpertiesLetGoTests.swift */; };
		843D96FB2AE71CB700C4D207 /* CarExpertiesLetGoUITests.swift in Sources */ = {isa = PBXBuildFile; fileRef = 843D96FA2AE71CB700C4D207 /* CarExpertiesLetGoUITests.swift */; };
		843D96FD2AE71CB700C4D207 /* CarExpertiesLetGoUITestsLaunchTests.swift in Sources */ = {isa = PBXBuildFile; fileRef = 843D96FC2AE71CB700C4D207 /* CarExpertiesLetGoUITestsLaunchTests.swift */; };
		8477EE1E2AE7AC7B00E2103C /* NetworkServices.swift in Sources */ = {isa = PBXBuildFile; fileRef = 8477EE1D2AE7AC7B00E2103C /* NetworkServices.swift */; };
		8477EE212AE7B1B900E2103C /* Alamofire in Frameworks */ = {isa = PBXBuildFile; productRef = 8477EE202AE7B1B900E2103C /* Alamofire */; };
		8477EE252AE7B5E100E2103C /* GetCarModelRequest.swift in Sources */ = {isa = PBXBuildFile; fileRef = 8477EE242AE7B5E100E2103C /* GetCarModelRequest.swift */; };
		8477EE272AE7B69B00E2103C /* GetCarModelResponse.swift in Sources */ = {isa = PBXBuildFile; fileRef = 8477EE262AE7B69B00E2103C /* GetCarModelResponse.swift */; };
		8477EE292AE7CC6400E2103C /* CarModelYearScreenViewModel.swift in Sources */ = {isa = PBXBuildFile; fileRef = 8477EE282AE7CC6400E2103C /* CarModelYearScreenViewModel.swift */; };
		84BBB1612AE81CC100960BEA /* MakeScreenView.swift in Sources */ = {isa = PBXBuildFile; fileRef = 84BBB1602AE81CC100960BEA /* MakeScreenView.swift */; };
		84BBB1632AE81D0500960BEA /* MakeScreenViewModel.swift in Sources */ = {isa = PBXBuildFile; fileRef = 84BBB1622AE81D0500960BEA /* MakeScreenViewModel.swift */; };
		84BBB1652AE8322700960BEA /* SeriesScreenView.swift in Sources */ = {isa = PBXBuildFile; fileRef = 84BBB1642AE8322700960BEA /* SeriesScreenView.swift */; };
		84BBB1672AE8324A00960BEA /* SeriesScreenViewModel.swift in Sources */ = {isa = PBXBuildFile; fileRef = 84BBB1662AE8324A00960BEA /* SeriesScreenViewModel.swift */; };
		84BBB1692AE83E4200960BEA /* ModelScreenView.swift in Sources */ = {isa = PBXBuildFile; fileRef = 84BBB1682AE83E4200960BEA /* ModelScreenView.swift */; };
		84BBB16B2AE83E6900960BEA /* ModelScreenViewModel.swift in Sources */ = {isa = PBXBuildFile; fileRef = 84BBB16A2AE83E6900960BEA /* ModelScreenViewModel.swift */; };
		84BBB16D2AE855F900960BEA /* EnginScreenViewModel.swift in Sources */ = {isa = PBXBuildFile; fileRef = 84BBB16C2AE855F900960BEA /* EnginScreenViewModel.swift */; };
		84BBB16F2AE8564400960BEA /* EngineScreenView.swift in Sources */ = {isa = PBXBuildFile; fileRef = 84BBB16E2AE8564400960BEA /* EngineScreenView.swift */; };
		84BBB1712AE85E7B00960BEA /* TransmissonTypeViewModel.swift in Sources */ = {isa = PBXBuildFile; fileRef = 84BBB1702AE85E7B00960BEA /* TransmissonTypeViewModel.swift */; };
		84BBB1732AE85E8C00960BEA /* TransmissionTypeScreenView.swift in Sources */ = {isa = PBXBuildFile; fileRef = 84BBB1722AE85E8C00960BEA /* TransmissionTypeScreenView.swift */; };
		84BBB1752AE8612200960BEA /* TrimScreenViewModel.swift in Sources */ = {isa = PBXBuildFile; fileRef = 84BBB1742AE8612200960BEA /* TrimScreenViewModel.swift */; };
		84BBB1772AE8626C00960BEA /* TrimScreenView.swift in Sources */ = {isa = PBXBuildFile; fileRef = 84BBB1762AE8626C00960BEA /* TrimScreenView.swift */; };
		84BBB1792AE87D7A00960BEA /* ColorScreenView.swift in Sources */ = {isa = PBXBuildFile; fileRef = 84BBB1782AE87D7A00960BEA /* ColorScreenView.swift */; };
		84BBB17B2AE87DC700960BEA /* ColorScreenViewModel.swift in Sources */ = {isa = PBXBuildFile; fileRef = 84BBB17A2AE87DC700960BEA /* ColorScreenViewModel.swift */; };
		84BBB17D2AE889D700960BEA /* CarPriceResponseModel.swift in Sources */ = {isa = PBXBuildFile; fileRef = 84BBB17C2AE889D700960BEA /* CarPriceResponseModel.swift */; };
		84BBB17F2AE88ABA00960BEA /* EnterKMScreenViewModel.swift in Sources */ = {isa = PBXBuildFile; fileRef = 84BBB17E2AE88ABA00960BEA /* EnterKMScreenViewModel.swift */; };
		84BBB1812AE88BA700960BEA /* EnterKMScreenView.swift in Sources */ = {isa = PBXBuildFile; fileRef = 84BBB1802AE88BA700960BEA /* EnterKMScreenView.swift */; };
		84BBB1832AE9268D00960BEA /* GetCarModelYearResponseModel.swift in Sources */ = {isa = PBXBuildFile; fileRef = 84BBB1822AE9268D00960BEA /* GetCarModelYearResponseModel.swift */; };
		84BE5CFD2AE9775F003A2E96 /* ViewExtentions.swift in Sources */ = {isa = PBXBuildFile; fileRef = 84BE5CFC2AE9775F003A2E96 /* ViewExtentions.swift */; };
		84BE5CFF2AE9787E003A2E96 /* PriceScreenViewModel.swift in Sources */ = {isa = PBXBuildFile; fileRef = 84BE5CFE2AE9787E003A2E96 /* PriceScreenViewModel.swift */; };
		84BE5D012AE97DAE003A2E96 /* PriceScreenView.swift in Sources */ = {isa = PBXBuildFile; fileRef = 84BE5D002AE97DAE003A2E96 /* PriceScreenView.swift */; };
		84BE5D042AE985EF003A2E96 /* PriceView.swift in Sources */ = {isa = PBXBuildFile; fileRef = 84BE5D032AE985EF003A2E96 /* PriceView.swift */; };
		84BE5D0A2AEA7AB0003A2E96 /* ArrayExtentions.swift in Sources */ = {isa = PBXBuildFile; fileRef = 84BE5D092AEA7AB0003A2E96 /* ArrayExtentions.swift */; };
/* End PBXBuildFile section */

/* Begin PBXContainerItemProxy section */
		843D96ED2AE71CB700C4D207 /* PBXContainerItemProxy */ = {
			isa = PBXContainerItemProxy;
			containerPortal = 843D96D42AE71CB600C4D207 /* Project object */;
			proxyType = 1;
			remoteGlobalIDString = 843D96DB2AE71CB600C4D207;
			remoteInfo = CarExpertiesLetGo;
		};
		843D96F72AE71CB700C4D207 /* PBXContainerItemProxy */ = {
			isa = PBXContainerItemProxy;
			containerPortal = 843D96D42AE71CB600C4D207 /* Project object */;
			proxyType = 1;
			remoteGlobalIDString = 843D96DB2AE71CB600C4D207;
			remoteInfo = CarExpertiesLetGo;
		};
/* End PBXContainerItemProxy section */

/* Begin PBXFileReference section */
		843D96DC2AE71CB600C4D207 /* CarExpertiesLetGo.app */ = {isa = PBXFileReference; explicitFileType = wrapper.application; includeInIndex = 0; path = CarExpertiesLetGo.app; sourceTree = BUILT_PRODUCTS_DIR; };
		843D96DF2AE71CB600C4D207 /* CarExpertiesLetGoApp.swift */ = {isa = PBXFileReference; lastKnownFileType = sourcecode.swift; path = CarExpertiesLetGoApp.swift; sourceTree = "<group>"; };
		843D96E12AE71CB600C4D207 /* CarModelYearView.swift */ = {isa = PBXFileReference; lastKnownFileType = sourcecode.swift; path = CarModelYearView.swift; sourceTree = "<group>"; };
		843D96E32AE71CB700C4D207 /* Assets.xcassets */ = {isa = PBXFileReference; lastKnownFileType = folder.assetcatalog; path = Assets.xcassets; sourceTree = "<group>"; };
		843D96E62AE71CB700C4D207 /* Preview Assets.xcassets */ = {isa = PBXFileReference; lastKnownFileType = folder.assetcatalog; path = "Preview Assets.xcassets"; sourceTree = "<group>"; };
		843D96EC2AE71CB700C4D207 /* CarExpertiesLetGoTests.xctest */ = {isa = PBXFileReference; explicitFileType = wrapper.cfbundle; includeInIndex = 0; path = CarExpertiesLetGoTests.xctest; sourceTree = BUILT_PRODUCTS_DIR; };
		843D96F02AE71CB700C4D207 /* CarExpertiesLetGoTests.swift */ = {isa = PBXFileReference; lastKnownFileType = sourcecode.swift; path = CarExpertiesLetGoTests.swift; sourceTree = "<group>"; };
		843D96F62AE71CB700C4D207 /* CarExpertiesLetGoUITests.xctest */ = {isa = PBXFileReference; explicitFileType = wrapper.cfbundle; includeInIndex = 0; path = CarExpertiesLetGoUITests.xctest; sourceTree = BUILT_PRODUCTS_DIR; };
		843D96FA2AE71CB700C4D207 /* CarExpertiesLetGoUITests.swift */ = {isa = PBXFileReference; lastKnownFileType = sourcecode.swift; path = CarExpertiesLetGoUITests.swift; sourceTree = "<group>"; };
		843D96FC2AE71CB700C4D207 /* CarExpertiesLetGoUITestsLaunchTests.swift */ = {isa = PBXFileReference; lastKnownFileType = sourcecode.swift; path = CarExpertiesLetGoUITestsLaunchTests.swift; sourceTree = "<group>"; };
		8477EE1D2AE7AC7B00E2103C /* NetworkServices.swift */ = {isa = PBXFileReference; lastKnownFileType = sourcecode.swift; path = NetworkServices.swift; sourceTree = "<group>"; };
		8477EE242AE7B5E100E2103C /* GetCarModelRequest.swift */ = {isa = PBXFileReference; lastKnownFileType = sourcecode.swift; path = GetCarModelRequest.swift; sourceTree = "<group>"; };
		8477EE262AE7B69B00E2103C /* GetCarModelResponse.swift */ = {isa = PBXFileReference; lastKnownFileType = sourcecode.swift; path = GetCarModelResponse.swift; sourceTree = "<group>"; };
		8477EE282AE7CC6400E2103C /* CarModelYearScreenViewModel.swift */ = {isa = PBXFileReference; lastKnownFileType = sourcecode.swift; path = CarModelYearScreenViewModel.swift; sourceTree = "<group>"; };
		84BBB1602AE81CC100960BEA /* MakeScreenView.swift */ = {isa = PBXFileReference; lastKnownFileType = sourcecode.swift; path = MakeScreenView.swift; sourceTree = "<group>"; };
		84BBB1622AE81D0500960BEA /* MakeScreenViewModel.swift */ = {isa = PBXFileReference; lastKnownFileType = sourcecode.swift; path = MakeScreenViewModel.swift; sourceTree = "<group>"; };
		84BBB1642AE8322700960BEA /* SeriesScreenView.swift */ = {isa = PBXFileReference; lastKnownFileType = sourcecode.swift; path = SeriesScreenView.swift; sourceTree = "<group>"; };
		84BBB1662AE8324A00960BEA /* SeriesScreenViewModel.swift */ = {isa = PBXFileReference; lastKnownFileType = sourcecode.swift; path = SeriesScreenViewModel.swift; sourceTree = "<group>"; };
		84BBB1682AE83E4200960BEA /* ModelScreenView.swift */ = {isa = PBXFileReference; lastKnownFileType = sourcecode.swift; path = ModelScreenView.swift; sourceTree = "<group>"; };
		84BBB16A2AE83E6900960BEA /* ModelScreenViewModel.swift */ = {isa = PBXFileReference; lastKnownFileType = sourcecode.swift; path = ModelScreenViewModel.swift; sourceTree = "<group>"; };
		84BBB16C2AE855F900960BEA /* EnginScreenViewModel.swift */ = {isa = PBXFileReference; lastKnownFileType = sourcecode.swift; path = EnginScreenViewModel.swift; sourceTree = "<group>"; };
		84BBB16E2AE8564400960BEA /* EngineScreenView.swift */ = {isa = PBXFileReference; lastKnownFileType = sourcecode.swift; path = EngineScreenView.swift; sourceTree = "<group>"; };
		84BBB1702AE85E7B00960BEA /* TransmissonTypeViewModel.swift */ = {isa = PBXFileReference; lastKnownFileType = sourcecode.swift; path = TransmissonTypeViewModel.swift; sourceTree = "<group>"; };
		84BBB1722AE85E8C00960BEA /* TransmissionTypeScreenView.swift */ = {isa = PBXFileReference; lastKnownFileType = sourcecode.swift; path = TransmissionTypeScreenView.swift; sourceTree = "<group>"; };
		84BBB1742AE8612200960BEA /* TrimScreenViewModel.swift */ = {isa = PBXFileReference; lastKnownFileType = sourcecode.swift; path = TrimScreenViewModel.swift; sourceTree = "<group>"; };
		84BBB1762AE8626C00960BEA /* TrimScreenView.swift */ = {isa = PBXFileReference; lastKnownFileType = sourcecode.swift; path = TrimScreenView.swift; sourceTree = "<group>"; };
		84BBB1782AE87D7A00960BEA /* ColorScreenView.swift */ = {isa = PBXFileReference; lastKnownFileType = sourcecode.swift; path = ColorScreenView.swift; sourceTree = "<group>"; };
		84BBB17A2AE87DC700960BEA /* ColorScreenViewModel.swift */ = {isa = PBXFileReference; lastKnownFileType = sourcecode.swift; path = ColorScreenViewModel.swift; sourceTree = "<group>"; };
		84BBB17C2AE889D700960BEA /* CarPriceResponseModel.swift */ = {isa = PBXFileReference; lastKnownFileType = sourcecode.swift; path = CarPriceResponseModel.swift; sourceTree = "<group>"; };
		84BBB17E2AE88ABA00960BEA /* EnterKMScreenViewModel.swift */ = {isa = PBXFileReference; lastKnownFileType = sourcecode.swift; path = EnterKMScreenViewModel.swift; sourceTree = "<group>"; };
		84BBB1802AE88BA700960BEA /* EnterKMScreenView.swift */ = {isa = PBXFileReference; lastKnownFileType = sourcecode.swift; path = EnterKMScreenView.swift; sourceTree = "<group>"; };
		84BBB1822AE9268D00960BEA /* GetCarModelYearResponseModel.swift */ = {isa = PBXFileReference; lastKnownFileType = sourcecode.swift; path = GetCarModelYearResponseModel.swift; sourceTree = "<group>"; };
		84BE5CFC2AE9775F003A2E96 /* ViewExtentions.swift */ = {isa = PBXFileReference; lastKnownFileType = sourcecode.swift; path = ViewExtentions.swift; sourceTree = "<group>"; };
		84BE5CFE2AE9787E003A2E96 /* PriceScreenViewModel.swift */ = {isa = PBXFileReference; lastKnownFileType = sourcecode.swift; path = PriceScreenViewModel.swift; sourceTree = "<group>"; };
		84BE5D002AE97DAE003A2E96 /* PriceScreenView.swift */ = {isa = PBXFileReference; lastKnownFileType = sourcecode.swift; path = PriceScreenView.swift; sourceTree = "<group>"; };
		84BE5D032AE985EF003A2E96 /* PriceView.swift */ = {isa = PBXFileReference; lastKnownFileType = sourcecode.swift; path = PriceView.swift; sourceTree = "<group>"; };
		84BE5D092AEA7AB0003A2E96 /* ArrayExtentions.swift */ = {isa = PBXFileReference; lastKnownFileType = sourcecode.swift; path = ArrayExtentions.swift; sourceTree = "<group>"; };
/* End PBXFileReference section */

/* Begin PBXFrameworksBuildPhase section */
		843D96D92AE71CB600C4D207 /* Frameworks */ = {
			isa = PBXFrameworksBuildPhase;
			buildActionMask = 2147483647;
			files = (
				8477EE212AE7B1B900E2103C /* Alamofire in Frameworks */,
			);
			runOnlyForDeploymentPostprocessing = 0;
		};
		843D96E92AE71CB700C4D207 /* Frameworks */ = {
			isa = PBXFrameworksBuildPhase;
			buildActionMask = 2147483647;
			files = (
			);
			runOnlyForDeploymentPostprocessing = 0;
		};
		843D96F32AE71CB700C4D207 /* Frameworks */ = {
			isa = PBXFrameworksBuildPhase;
			buildActionMask = 2147483647;
			files = (
			);
			runOnlyForDeploymentPostprocessing = 0;
		};
/* End PBXFrameworksBuildPhase section */

/* Begin PBXGroup section */
		843D96D32AE71CB600C4D207 = {
			isa = PBXGroup;
			children = (
				84BE5D022AE985D9003A2E96 /* CustomViews */,
				84BE5CFB2AE9773D003A2E96 /* Extentions */,
				8477EE1C2AE7A52A00E2103C /* ViewModel */,
				8477EE1B2AE7A47600E2103C /* View */,
				8477EE1A2AE7A46700E2103C /* Model */,
				8477EE192AE7A45900E2103C /* NetworkServices */,
				843D96DE2AE71CB600C4D207 /* CarExpertiesLetGo */,
				843D96EF2AE71CB700C4D207 /* CarExpertiesLetGoTests */,
				843D96F92AE71CB700C4D207 /* CarExpertiesLetGoUITests */,
				843D96DD2AE71CB600C4D207 /* Products */,
			);
			sourceTree = "<group>";
		};
		843D96DD2AE71CB600C4D207 /* Products */ = {
			isa = PBXGroup;
			children = (
				843D96DC2AE71CB600C4D207 /* CarExpertiesLetGo.app */,
				843D96EC2AE71CB700C4D207 /* CarExpertiesLetGoTests.xctest */,
				843D96F62AE71CB700C4D207 /* CarExpertiesLetGoUITests.xctest */,
			);
			name = Products;
			sourceTree = "<group>";
		};
		843D96DE2AE71CB600C4D207 /* CarExpertiesLetGo */ = {
			isa = PBXGroup;
			children = (
				843D96DF2AE71CB600C4D207 /* CarExpertiesLetGoApp.swift */,
				843D96E32AE71CB700C4D207 /* Assets.xcassets */,
				843D96E52AE71CB700C4D207 /* Preview Content */,
			);
			path = CarExpertiesLetGo;
			sourceTree = "<group>";
		};
		843D96E52AE71CB700C4D207 /* Preview Content */ = {
			isa = PBXGroup;
			children = (
				843D96E62AE71CB700C4D207 /* Preview Assets.xcassets */,
			);
			path = "Preview Content";
			sourceTree = "<group>";
		};
		843D96EF2AE71CB700C4D207 /* CarExpertiesLetGoTests */ = {
			isa = PBXGroup;
			children = (
				843D96F02AE71CB700C4D207 /* CarExpertiesLetGoTests.swift */,
			);
			path = CarExpertiesLetGoTests;
			sourceTree = "<group>";
		};
		843D96F92AE71CB700C4D207 /* CarExpertiesLetGoUITests */ = {
			isa = PBXGroup;
			children = (
				843D96FA2AE71CB700C4D207 /* CarExpertiesLetGoUITests.swift */,
				843D96FC2AE71CB700C4D207 /* CarExpertiesLetGoUITestsLaunchTests.swift */,
			);
			path = CarExpertiesLetGoUITests;
			sourceTree = "<group>";
		};
		8477EE192AE7A45900E2103C /* NetworkServices */ = {
			isa = PBXGroup;
			children = (
				8477EE1D2AE7AC7B00E2103C /* NetworkServices.swift */,
			);
			path = NetworkServices;
			sourceTree = "<group>";
		};
		8477EE1A2AE7A46700E2103C /* Model */ = {
			isa = PBXGroup;
			children = (
				8477EE232AE7B4C800E2103C /* RequestModel */,
				8477EE222AE7B4BE00E2103C /* ResponseModel */,
			);
			path = Model;
			sourceTree = "<group>";
		};
		8477EE1B2AE7A47600E2103C /* View */ = {
			isa = PBXGroup;
			children = (
				843D96E12AE71CB600C4D207 /* CarModelYearView.swift */,
				84BBB1602AE81CC100960BEA /* MakeScreenView.swift */,
				84BBB1682AE83E4200960BEA /* ModelScreenView.swift */,
				84BBB1642AE8322700960BEA /* SeriesScreenView.swift */,
				84BBB16E2AE8564400960BEA /* EngineScreenView.swift */,
				84BBB1722AE85E8C00960BEA /* TransmissionTypeScreenView.swift */,
				84BBB1762AE8626C00960BEA /* TrimScreenView.swift */,
				84BBB1782AE87D7A00960BEA /* ColorScreenView.swift */,
				84BBB1802AE88BA700960BEA /* EnterKMScreenView.swift */,
				84BE5D002AE97DAE003A2E96 /* PriceScreenView.swift */,
			);
			path = View;
			sourceTree = "<group>";
		};
		8477EE1C2AE7A52A00E2103C /* ViewModel */ = {
			isa = PBXGroup;
			children = (
				8477EE282AE7CC6400E2103C /* CarModelYearScreenViewModel.swift */,
				84BBB1622AE81D0500960BEA /* MakeScreenViewModel.swift */,
				84BBB16A2AE83E6900960BEA /* ModelScreenViewModel.swift */,
				84BBB1662AE8324A00960BEA /* SeriesScreenViewModel.swift */,
				84BBB16C2AE855F900960BEA /* EnginScreenViewModel.swift */,
				84BBB1702AE85E7B00960BEA /* TransmissonTypeViewModel.swift */,
				84BBB1742AE8612200960BEA /* TrimScreenViewModel.swift */,
				84BBB17A2AE87DC700960BEA /* ColorScreenViewModel.swift */,
				84BBB17E2AE88ABA00960BEA /* EnterKMScreenViewModel.swift */,
				84BE5CFE2AE9787E003A2E96 /* PriceScreenViewModel.swift */,
			);
			path = ViewModel;
			sourceTree = "<group>";
		};
		8477EE222AE7B4BE00E2103C /* ResponseModel */ = {
			isa = PBXGroup;
			children = (
				8477EE262AE7B69B00E2103C /* GetCarModelResponse.swift */,
				84BBB17C2AE889D700960BEA /* CarPriceResponseModel.swift */,
				84BBB1822AE9268D00960BEA /* GetCarModelYearResponseModel.swift */,
			);
			path = ResponseModel;
			sourceTree = "<group>";
		};
		8477EE232AE7B4C800E2103C /* RequestModel */ = {
			isa = PBXGroup;
			children = (
				8477EE242AE7B5E100E2103C /* GetCarModelRequest.swift */,
			);
			path = RequestModel;
			sourceTree = "<group>";
		};
		84BE5CFB2AE9773D003A2E96 /* Extentions */ = {
			isa = PBXGroup;
			children = (
				84BE5CFC2AE9775F003A2E96 /* ViewExtentions.swift */,
				84BE5D092AEA7AB0003A2E96 /* ArrayExtentions.swift */,
			);
			path = Extentions;
			sourceTree = "<group>";
		};
		84BE5D022AE985D9003A2E96 /* CustomViews */ = {
			isa = PBXGroup;
			children = (
				84BE5D032AE985EF003A2E96 /* PriceView.swift */,
			);
			path = CustomViews;
			sourceTree = "<group>";
		};
/* End PBXGroup section */

/* Begin PBXNativeTarget section */
		843D96DB2AE71CB600C4D207 /* CarExpertiesLetGo */ = {
			isa = PBXNativeTarget;
			buildConfigurationList = 843D97002AE71CB700C4D207 /* Build configuration list for PBXNativeTarget "CarExpertiesLetGo" */;
			buildPhases = (
				843D96D82AE71CB600C4D207 /* Sources */,
				843D96D92AE71CB600C4D207 /* Frameworks */,
				843D96DA2AE71CB600C4D207 /* Resources */,
			);
			buildRules = (
			);
			dependencies = (
			);
			name = CarExpertiesLetGo;
			packageProductDependencies = (
				8477EE202AE7B1B900E2103C /* Alamofire */,
			);
			productName = CarExpertiesLetGo;
			productReference = 843D96DC2AE71CB600C4D207 /* CarExpertiesLetGo.app */;
			productType = "com.apple.product-type.application";
		};
		843D96EB2AE71CB700C4D207 /* CarExpertiesLetGoTests */ = {
			isa = PBXNativeTarget;
			buildConfigurationList = 843D97032AE71CB700C4D207 /* Build configuration list for PBXNativeTarget "CarExpertiesLetGoTests" */;
			buildPhases = (
				843D96E82AE71CB700C4D207 /* Sources */,
				843D96E92AE71CB700C4D207 /* Frameworks */,
				843D96EA2AE71CB700C4D207 /* Resources */,
			);
			buildRules = (
			);
			dependencies = (
				843D96EE2AE71CB700C4D207 /* PBXTargetDependency */,
			);
			name = CarExpertiesLetGoTests;
			productName = CarExpertiesLetGoTests;
			productReference = 843D96EC2AE71CB700C4D207 /* CarExpertiesLetGoTests.xctest */;
			productType = "com.apple.product-type.bundle.unit-test";
		};
		843D96F52AE71CB700C4D207 /* CarExpertiesLetGoUITests */ = {
			isa = PBXNativeTarget;
			buildConfigurationList = 843D97062AE71CB700C4D207 /* Build configuration list for PBXNativeTarget "CarExpertiesLetGoUITests" */;
			buildPhases = (
				843D96F22AE71CB700C4D207 /* Sources */,
				843D96F32AE71CB700C4D207 /* Frameworks */,
				843D96F42AE71CB700C4D207 /* Resources */,
			);
			buildRules = (
			);
			dependencies = (
				843D96F82AE71CB700C4D207 /* PBXTargetDependency */,
			);
			name = CarExpertiesLetGoUITests;
			productName = CarExpertiesLetGoUITests;
			productReference = 843D96F62AE71CB700C4D207 /* CarExpertiesLetGoUITests.xctest */;
			productType = "com.apple.product-type.bundle.ui-testing";
		};
/* End PBXNativeTarget section */

/* Begin PBXProject section */
		843D96D42AE71CB600C4D207 /* Project object */ = {
			isa = PBXProject;
			attributes = {
				BuildIndependentTargetsInParallel = 1;
				LastSwiftUpdateCheck = 1500;
				LastUpgradeCheck = 1500;
				TargetAttributes = {
					843D96DB2AE71CB600C4D207 = {
						CreatedOnToolsVersion = 15.0.1;
					};
					843D96EB2AE71CB700C4D207 = {
						CreatedOnToolsVersion = 15.0.1;
						TestTargetID = 843D96DB2AE71CB600C4D207;
					};
					843D96F52AE71CB700C4D207 = {
						CreatedOnToolsVersion = 15.0.1;
						TestTargetID = 843D96DB2AE71CB600C4D207;
					};
				};
			};
			buildConfigurationList = 843D96D72AE71CB600C4D207 /* Build configuration list for PBXProject "CarExpertiesLetGo" */;
			compatibilityVersion = "Xcode 14.0";
			developmentRegion = en;
			hasScannedForEncodings = 0;
			knownRegions = (
				en,
				Base,
			);
			mainGroup = 843D96D32AE71CB600C4D207;
			packageReferences = (
				8477EE1F2AE7B1B900E2103C /* XCRemoteSwiftPackageReference "Alamofire" */,
			);
			productRefGroup = 843D96DD2AE71CB600C4D207 /* Products */;
			projectDirPath = "";
			projectRoot = "";
			targets = (
				843D96DB2AE71CB600C4D207 /* CarExpertiesLetGo */,
				843D96EB2AE71CB700C4D207 /* CarExpertiesLetGoTests */,
				843D96F52AE71CB700C4D207 /* CarExpertiesLetGoUITests */,
			);
		};
/* End PBXProject section */

/* Begin PBXResourcesBuildPhase section */
		843D96DA2AE71CB600C4D207 /* Resources */ = {
			isa = PBXResourcesBuildPhase;
			buildActionMask = 2147483647;
			files = (
				843D96E72AE71CB700C4D207 /* Preview Assets.xcassets in Resources */,
				843D96E42AE71CB700C4D207 /* Assets.xcassets in Resources */,
			);
			runOnlyForDeploymentPostprocessing = 0;
		};
		843D96EA2AE71CB700C4D207 /* Resources */ = {
			isa = PBXResourcesBuildPhase;
			buildActionMask = 2147483647;
			files = (
			);
			runOnlyForDeploymentPostprocessing = 0;
		};
		843D96F42AE71CB700C4D207 /* Resources */ = {
			isa = PBXResourcesBuildPhase;
			buildActionMask = 2147483647;
			files = (
			);
			runOnlyForDeploymentPostprocessing = 0;
		};
/* End PBXResourcesBuildPhase section */

/* Begin PBXSourcesBuildPhase section */
		843D96D82AE71CB600C4D207 /* Sources */ = {
			isa = PBXSourcesBuildPhase;
			buildActionMask = 2147483647;
			files = (
				84BBB16F2AE8564400960BEA /* EngineScreenView.swift in Sources */,
				8477EE1E2AE7AC7B00E2103C /* NetworkServices.swift in Sources */,
				84BBB1752AE8612200960BEA /* TrimScreenViewModel.swift in Sources */,
				84BBB1632AE81D0500960BEA /* MakeScreenViewModel.swift in Sources */,
				84BE5D0A2AEA7AB0003A2E96 /* ArrayExtentions.swift in Sources */,
				843D96E22AE71CB600C4D207 /* CarModelYearView.swift in Sources */,
				84BBB17F2AE88ABA00960BEA /* EnterKMScreenViewModel.swift in Sources */,
				84BBB1732AE85E8C00960BEA /* TransmissionTypeScreenView.swift in Sources */,
				84BBB1712AE85E7B00960BEA /* TransmissonTypeViewModel.swift in Sources */,
				84BE5D042AE985EF003A2E96 /* PriceView.swift in Sources */,
				843D96E02AE71CB600C4D207 /* CarExpertiesLetGoApp.swift in Sources */,
				84BBB17B2AE87DC700960BEA /* ColorScreenViewModel.swift in Sources */,
				84BBB16B2AE83E6900960BEA /* ModelScreenViewModel.swift in Sources */,
				84BBB1652AE8322700960BEA /* SeriesScreenView.swift in Sources */,
				84BBB1792AE87D7A00960BEA /* ColorScreenView.swift in Sources */,
				8477EE272AE7B69B00E2103C /* GetCarModelResponse.swift in Sources */,
				84BE5CFF2AE9787E003A2E96 /* PriceScreenViewModel.swift in Sources */,
				8477EE252AE7B5E100E2103C /* GetCarModelRequest.swift in Sources */,
				84BBB1772AE8626C00960BEA /* TrimScreenView.swift in Sources */,
				84BBB17D2AE889D700960BEA /* CarPriceResponseModel.swift in Sources */,
				84BBB1832AE9268D00960BEA /* GetCarModelYearResponseModel.swift in Sources */,
				84BBB1672AE8324A00960BEA /* SeriesScreenViewModel.swift in Sources */,
				84BBB1692AE83E4200960BEA /* ModelScreenView.swift in Sources */,
				84BBB1612AE81CC100960BEA /* MakeScreenView.swift in Sources */,
				8477EE292AE7CC6400E2103C /* CarModelYearScreenViewModel.swift in Sources */,
				84BE5D012AE97DAE003A2E96 /* PriceScreenView.swift in Sources */,
				84BE5CFD2AE9775F003A2E96 /* ViewExtentions.swift in Sources */,
				84BBB1812AE88BA700960BEA /* EnterKMScreenView.swift in Sources */,
				84BBB16D2AE855F900960BEA /* EnginScreenViewModel.swift in Sources */,
			);
			runOnlyForDeploymentPostprocessing = 0;
		};
		843D96E82AE71CB700C4D207 /* Sources */ = {
			isa = PBXSourcesBuildPhase;
			buildActionMask = 2147483647;
			files = (
				843D96F12AE71CB700C4D207 /* CarExpertiesLetGoTests.swift in Sources */,
			);
			runOnlyForDeploymentPostprocessing = 0;
		};
		843D96F22AE71CB700C4D207 /* Sources */ = {
			isa = PBXSourcesBuildPhase;
			buildActionMask = 2147483647;
			files = (
				843D96FB2AE71CB700C4D207 /* CarExpertiesLetGoUITests.swift in Sources */,
				843D96FD2AE71CB700C4D207 /* CarExpertiesLetGoUITestsLaunchTests.swift in Sources */,
			);
			runOnlyForDeploymentPostprocessing = 0;
		};
/* End PBXSourcesBuildPhase section */

/* Begin PBXTargetDependency section */
		843D96EE2AE71CB700C4D207 /* PBXTargetDependency */ = {
			isa = PBXTargetDependency;
			target = 843D96DB2AE71CB600C4D207 /* CarExpertiesLetGo */;
			targetProxy = 843D96ED2AE71CB700C4D207 /* PBXContainerItemProxy */;
		};
		843D96F82AE71CB700C4D207 /* PBXTargetDependency */ = {
			isa = PBXTargetDependency;
			target = 843D96DB2AE71CB600C4D207 /* CarExpertiesLetGo */;
			targetProxy = 843D96F72AE71CB700C4D207 /* PBXContainerItemProxy */;
		};
/* End PBXTargetDependency section */

/* Begin XCBuildConfiguration section */
		843D96FE2AE71CB700C4D207 /* Debug */ = {
			isa = XCBuildConfiguration;
			buildSettings = {
				ALWAYS_SEARCH_USER_PATHS = NO;
				ASSETCATALOG_COMPILER_GENERATE_SWIFT_ASSET_SYMBOL_EXTENSIONS = YES;
				CLANG_ANALYZER_NONNULL = YES;
				CLANG_ANALYZER_NUMBER_OBJECT_CONVERSION = YES_AGGRESSIVE;
				CLANG_CXX_LANGUAGE_STANDARD = "gnu++20";
				CLANG_ENABLE_MODULES = YES;
				CLANG_ENABLE_OBJC_ARC = YES;
				CLANG_ENABLE_OBJC_WEAK = YES;
				CLANG_WARN_BLOCK_CAPTURE_AUTORELEASING = YES;
				CLANG_WARN_BOOL_CONVERSION = YES;
				CLANG_WARN_COMMA = YES;
				CLANG_WARN_CONSTANT_CONVERSION = YES;
				CLANG_WARN_DEPRECATED_OBJC_IMPLEMENTATIONS = YES;
				CLANG_WARN_DIRECT_OBJC_ISA_USAGE = YES_ERROR;
				CLANG_WARN_DOCUMENTATION_COMMENTS = YES;
				CLANG_WARN_EMPTY_BODY = YES;
				CLANG_WARN_ENUM_CONVERSION = YES;
				CLANG_WARN_INFINITE_RECURSION = YES;
				CLANG_WARN_INT_CONVERSION = YES;
				CLANG_WARN_NON_LITERAL_NULL_CONVERSION = YES;
				CLANG_WARN_OBJC_IMPLICIT_RETAIN_SELF = YES;
				CLANG_WARN_OBJC_LITERAL_CONVERSION = YES;
				CLANG_WARN_OBJC_ROOT_CLASS = YES_ERROR;
				CLANG_WARN_QUOTED_INCLUDE_IN_FRAMEWORK_HEADER = YES;
				CLANG_WARN_RANGE_LOOP_ANALYSIS = YES;
				CLANG_WARN_STRICT_PROTOTYPES = YES;
				CLANG_WARN_SUSPICIOUS_MOVE = YES;
				CLANG_WARN_UNGUARDED_AVAILABILITY = YES_AGGRESSIVE;
				CLANG_WARN_UNREACHABLE_CODE = YES;
				CLANG_WARN__DUPLICATE_METHOD_MATCH = YES;
				COPY_PHASE_STRIP = NO;
				DEBUG_INFORMATION_FORMAT = dwarf;
				ENABLE_STRICT_OBJC_MSGSEND = YES;
				ENABLE_TESTABILITY = YES;
				ENABLE_USER_SCRIPT_SANDBOXING = YES;
				GCC_C_LANGUAGE_STANDARD = gnu17;
				GCC_DYNAMIC_NO_PIC = NO;
				GCC_NO_COMMON_BLOCKS = YES;
				GCC_OPTIMIZATION_LEVEL = 0;
				GCC_PREPROCESSOR_DEFINITIONS = (
					"DEBUG=1",
					"$(inherited)",
				);
				GCC_WARN_64_TO_32_BIT_CONVERSION = YES;
				GCC_WARN_ABOUT_RETURN_TYPE = YES_ERROR;
				GCC_WARN_UNDECLARED_SELECTOR = YES;
				GCC_WARN_UNINITIALIZED_AUTOS = YES_AGGRESSIVE;
				GCC_WARN_UNUSED_FUNCTION = YES;
				GCC_WARN_UNUSED_VARIABLE = YES;
				IPHONEOS_DEPLOYMENT_TARGET = 17.0;
				LOCALIZATION_PREFERS_STRING_CATALOGS = YES;
				MTL_ENABLE_DEBUG_INFO = INCLUDE_SOURCE;
				MTL_FAST_MATH = YES;
				ONLY_ACTIVE_ARCH = YES;
				SDKROOT = iphoneos;
				SWIFT_ACTIVE_COMPILATION_CONDITIONS = "DEBUG $(inherited)";
				SWIFT_OPTIMIZATION_LEVEL = "-Onone";
			};
			name = Debug;
		};
		843D96FF2AE71CB700C4D207 /* Release */ = {
			isa = XCBuildConfiguration;
			buildSettings = {
				ALWAYS_SEARCH_USER_PATHS = NO;
				ASSETCATALOG_COMPILER_GENERATE_SWIFT_ASSET_SYMBOL_EXTENSIONS = YES;
				CLANG_ANALYZER_NONNULL = YES;
				CLANG_ANALYZER_NUMBER_OBJECT_CONVERSION = YES_AGGRESSIVE;
				CLANG_CXX_LANGUAGE_STANDARD = "gnu++20";
				CLANG_ENABLE_MODULES = YES;
				CLANG_ENABLE_OBJC_ARC = YES;
				CLANG_ENABLE_OBJC_WEAK = YES;
				CLANG_WARN_BLOCK_CAPTURE_AUTORELEASING = YES;
				CLANG_WARN_BOOL_CONVERSION = YES;
				CLANG_WARN_COMMA = YES;
				CLANG_WARN_CONSTANT_CONVERSION = YES;
				CLANG_WARN_DEPRECATED_OBJC_IMPLEMENTATIONS = YES;
				CLANG_WARN_DIRECT_OBJC_ISA_USAGE = YES_ERROR;
				CLANG_WARN_DOCUMENTATION_COMMENTS = YES;
				CLANG_WARN_EMPTY_BODY = YES;
				CLANG_WARN_ENUM_CONVERSION = YES;
				CLANG_WARN_INFINITE_RECURSION = YES;
				CLANG_WARN_INT_CONVERSION = YES;
				CLANG_WARN_NON_LITERAL_NULL_CONVERSION = YES;
				CLANG_WARN_OBJC_IMPLICIT_RETAIN_SELF = YES;
				CLANG_WARN_OBJC_LITERAL_CONVERSION = YES;
				CLANG_WARN_OBJC_ROOT_CLASS = YES_ERROR;
				CLANG_WARN_QUOTED_INCLUDE_IN_FRAMEWORK_HEADER = YES;
				CLANG_WARN_RANGE_LOOP_ANALYSIS = YES;
				CLANG_WARN_STRICT_PROTOTYPES = YES;
				CLANG_WARN_SUSPICIOUS_MOVE = YES;
				CLANG_WARN_UNGUARDED_AVAILABILITY = YES_AGGRESSIVE;
				CLANG_WARN_UNREACHABLE_CODE = YES;
				CLANG_WARN__DUPLICATE_METHOD_MATCH = YES;
				COPY_PHASE_STRIP = NO;
				DEBUG_INFORMATION_FORMAT = "dwarf-with-dsym";
				ENABLE_NS_ASSERTIONS = NO;
				ENABLE_STRICT_OBJC_MSGSEND = YES;
				ENABLE_USER_SCRIPT_SANDBOXING = YES;
				GCC_C_LANGUAGE_STANDARD = gnu17;
				GCC_NO_COMMON_BLOCKS = YES;
				GCC_WARN_64_TO_32_BIT_CONVERSION = YES;
				GCC_WARN_ABOUT_RETURN_TYPE = YES_ERROR;
				GCC_WARN_UNDECLARED_SELECTOR = YES;
				GCC_WARN_UNINITIALIZED_AUTOS = YES_AGGRESSIVE;
				GCC_WARN_UNUSED_FUNCTION = YES;
				GCC_WARN_UNUSED_VARIABLE = YES;
				IPHONEOS_DEPLOYMENT_TARGET = 17.0;
				LOCALIZATION_PREFERS_STRING_CATALOGS = YES;
				MTL_ENABLE_DEBUG_INFO = NO;
				MTL_FAST_MATH = YES;
				SDKROOT = iphoneos;
				SWIFT_COMPILATION_MODE = wholemodule;
				VALIDATE_PRODUCT = YES;
			};
			name = Release;
		};
		843D97012AE71CB700C4D207 /* Debug */ = {
			isa = XCBuildConfiguration;
			buildSettings = {
				ASSETCATALOG_COMPILER_APPICON_NAME = AppIcon;
				ASSETCATALOG_COMPILER_GLOBAL_ACCENT_COLOR_NAME = AccentColor;
				CODE_SIGN_STYLE = Automatic;
				CURRENT_PROJECT_VERSION = 1;
				DEVELOPMENT_ASSET_PATHS = "\"CarExpertiesLetGo/Preview Content\"";
				DEVELOPMENT_TEAM = 379P2B4P77;
				ENABLE_PREVIEWS = YES;
				GENERATE_INFOPLIST_FILE = YES;
				INFOPLIST_KEY_UIApplicationSceneManifest_Generation = YES;
				INFOPLIST_KEY_UIApplicationSupportsIndirectInputEvents = YES;
				INFOPLIST_KEY_UILaunchScreen_Generation = YES;
				INFOPLIST_KEY_UISupportedInterfaceOrientations_iPad = "UIInterfaceOrientationPortrait UIInterfaceOrientationPortraitUpsideDown UIInterfaceOrientationLandscapeLeft UIInterfaceOrientationLandscapeRight";
				INFOPLIST_KEY_UISupportedInterfaceOrientations_iPhone = "UIInterfaceOrientationPortrait UIInterfaceOrientationLandscapeLeft UIInterfaceOrientationLandscapeRight";
				LD_RUNPATH_SEARCH_PATHS = (
					"$(inherited)",
					"@executable_path/Frameworks",
				);
				MARKETING_VERSION = 1.0;
				PRODUCT_BUNDLE_IDENTIFIER = yasin.dalkilic.CarExpertiesLetGo;
				PRODUCT_NAME = "$(TARGET_NAME)";
				SWIFT_EMIT_LOC_STRINGS = YES;
				SWIFT_VERSION = 5.0;
				TARGETED_DEVICE_FAMILY = "1,2";
			};
			name = Debug;
		};
		843D97022AE71CB700C4D207 /* Release */ = {
			isa = XCBuildConfiguration;
			buildSettings = {
				ASSETCATALOG_COMPILER_APPICON_NAME = AppIcon;
				ASSETCATALOG_COMPILER_GLOBAL_ACCENT_COLOR_NAME = AccentColor;
				CODE_SIGN_STYLE = Automatic;
				CURRENT_PROJECT_VERSION = 1;
				DEVELOPMENT_ASSET_PATHS = "\"CarExpertiesLetGo/Preview Content\"";
				DEVELOPMENT_TEAM = 379P2B4P77;
				ENABLE_PREVIEWS = YES;
				GENERATE_INFOPLIST_FILE = YES;
				INFOPLIST_KEY_UIApplicationSceneManifest_Generation = YES;
				INFOPLIST_KEY_UIApplicationSupportsIndirectInputEvents = YES;
				INFOPLIST_KEY_UILaunchScreen_Generation = YES;
				INFOPLIST_KEY_UISupportedInterfaceOrientations_iPad = "UIInterfaceOrientationPortrait UIInterfaceOrientationPortraitUpsideDown UIInterfaceOrientationLandscapeLeft UIInterfaceOrientationLandscapeRight";
				INFOPLIST_KEY_UISupportedInterfaceOrientations_iPhone = "UIInterfaceOrientationPortrait UIInterfaceOrientationLandscapeLeft UIInterfaceOrientationLandscapeRight";
				LD_RUNPATH_SEARCH_PATHS = (
					"$(inherited)",
					"@executable_path/Frameworks",
				);
				MARKETING_VERSION = 1.0;
				PRODUCT_BUNDLE_IDENTIFIER = yasin.dalkilic.CarExpertiesLetGo;
				PRODUCT_NAME = "$(TARGET_NAME)";
				SWIFT_EMIT_LOC_STRINGS = YES;
				SWIFT_VERSION = 5.0;
				TARGETED_DEVICE_FAMILY = "1,2";
			};
			name = Release;
		};
		843D97042AE71CB700C4D207 /* Debug */ = {
			isa = XCBuildConfiguration;
			buildSettings = {
				ALWAYS_EMBED_SWIFT_STANDARD_LIBRARIES = YES;
				BUNDLE_LOADER = "$(TEST_HOST)";
				CODE_SIGN_STYLE = Automatic;
				CURRENT_PROJECT_VERSION = 1;
				DEVELOPMENT_TEAM = 379P2B4P77;
				GENERATE_INFOPLIST_FILE = YES;
				IPHONEOS_DEPLOYMENT_TARGET = 17.0;
				MARKETING_VERSION = 1.0;
				PRODUCT_BUNDLE_IDENTIFIER = yasin.dalkilic.CarExpertiesLetGoTests;
				PRODUCT_NAME = "$(TARGET_NAME)";
				SWIFT_EMIT_LOC_STRINGS = NO;
				SWIFT_VERSION = 5.0;
				TARGETED_DEVICE_FAMILY = "1,2";
				TEST_HOST = "$(BUILT_PRODUCTS_DIR)/CarExpertiesLetGo.app/$(BUNDLE_EXECUTABLE_FOLDER_PATH)/CarExpertiesLetGo";
			};
			name = Debug;
		};
		843D97052AE71CB700C4D207 /* Release */ = {
			isa = XCBuildConfiguration;
			buildSettings = {
				ALWAYS_EMBED_SWIFT_STANDARD_LIBRARIES = YES;
				BUNDLE_LOADER = "$(TEST_HOST)";
				CODE_SIGN_STYLE = Automatic;
				CURRENT_PROJECT_VERSION = 1;
				DEVELOPMENT_TEAM = 379P2B4P77;
				GENERATE_INFOPLIST_FILE = YES;
				IPHONEOS_DEPLOYMENT_TARGET = 17.0;
				MARKETING_VERSION = 1.0;
				PRODUCT_BUNDLE_IDENTIFIER = yasin.dalkilic.CarExpertiesLetGoTests;
				PRODUCT_NAME = "$(TARGET_NAME)";
				SWIFT_EMIT_LOC_STRINGS = NO;
				SWIFT_VERSION = 5.0;
				TARGETED_DEVICE_FAMILY = "1,2";
				TEST_HOST = "$(BUILT_PRODUCTS_DIR)/CarExpertiesLetGo.app/$(BUNDLE_EXECUTABLE_FOLDER_PATH)/CarExpertiesLetGo";
			};
			name = Release;
		};
		843D97072AE71CB700C4D207 /* Debug */ = {
			isa = XCBuildConfiguration;
			buildSettings = {
				ALWAYS_EMBED_SWIFT_STANDARD_LIBRARIES = YES;
				CODE_SIGN_STYLE = Automatic;
				CURRENT_PROJECT_VERSION = 1;
				DEVELOPMENT_TEAM = 379P2B4P77;
				GENERATE_INFOPLIST_FILE = YES;
				MARKETING_VERSION = 1.0;
				PRODUCT_BUNDLE_IDENTIFIER = yasin.dalkilic.CarExpertiesLetGoUITests;
				PRODUCT_NAME = "$(TARGET_NAME)";
				SWIFT_EMIT_LOC_STRINGS = NO;
				SWIFT_VERSION = 5.0;
				TARGETED_DEVICE_FAMILY = "1,2";
				TEST_TARGET_NAME = CarExpertiesLetGo;
			};
			name = Debug;
		};
		843D97082AE71CB700C4D207 /* Release */ = {
			isa = XCBuildConfiguration;
			buildSettings = {
				ALWAYS_EMBED_SWIFT_STANDARD_LIBRARIES = YES;
				CODE_SIGN_STYLE = Automatic;
				CURRENT_PROJECT_VERSION = 1;
				DEVELOPMENT_TEAM = 379P2B4P77;
				GENERATE_INFOPLIST_FILE = YES;
				MARKETING_VERSION = 1.0;
				PRODUCT_BUNDLE_IDENTIFIER = yasin.dalkilic.CarExpertiesLetGoUITests;
				PRODUCT_NAME = "$(TARGET_NAME)";
				SWIFT_EMIT_LOC_STRINGS = NO;
				SWIFT_VERSION = 5.0;
				TARGETED_DEVICE_FAMILY = "1,2";
				TEST_TARGET_NAME = CarExpertiesLetGo;
			};
			name = Release;
		};
/* End XCBuildConfiguration section */

/* Begin XCConfigurationList section */
		843D96D72AE71CB600C4D207 /* Build configuration list for PBXProject "CarExpertiesLetGo" */ = {
			isa = XCConfigurationList;
			buildConfigurations = (
				843D96FE2AE71CB700C4D207 /* Debug */,
				843D96FF2AE71CB700C4D207 /* Release */,
			);
			defaultConfigurationIsVisible = 0;
			defaultConfigurationName = Release;
		};
		843D97002AE71CB700C4D207 /* Build configuration list for PBXNativeTarget "CarExpertiesLetGo" */ = {
			isa = XCConfigurationList;
			buildConfigurations = (
				843D97012AE71CB700C4D207 /* Debug */,
				843D97022AE71CB700C4D207 /* Release */,
			);
			defaultConfigurationIsVisible = 0;
			defaultConfigurationName = Release;
		};
		843D97032AE71CB700C4D207 /* Build configuration list for PBXNativeTarget "CarExpertiesLetGoTests" */ = {
			isa = XCConfigurationList;
			buildConfigurations = (
				843D97042AE71CB700C4D207 /* Debug */,
				843D97052AE71CB700C4D207 /* Release */,
			);
			defaultConfigurationIsVisible = 0;
			defaultConfigurationName = Release;
		};
		843D97062AE71CB700C4D207 /* Build configuration list for PBXNativeTarget "CarExpertiesLetGoUITests" */ = {
			isa = XCConfigurationList;
			buildConfigurations = (
				843D97072AE71CB700C4D207 /* Debug */,
				843D97082AE71CB700C4D207 /* Release */,
			);
			defaultConfigurationIsVisible = 0;
			defaultConfigurationName = Release;
		};
/* End XCConfigurationList section */

/* Begin XCRemoteSwiftPackageReference section */
		8477EE1F2AE7B1B900E2103C /* XCRemoteSwiftPackageReference "Alamofire" */ = {
			isa = XCRemoteSwiftPackageReference;
			repositoryURL = "https://github.com/Alamofire/Alamofire.git";
			requirement = {
				kind = upToNextMajorVersion;
				minimumVersion = 5.8.0;
			};
		};
/* End XCRemoteSwiftPackageReference section */

/* Begin XCSwiftPackageProductDependency section */
		8477EE202AE7B1B900E2103C /* Alamofire */ = {
			isa = XCSwiftPackageProductDependency;
			package = 8477EE1F2AE7B1B900E2103C /* XCRemoteSwiftPackageReference "Alamofire" */;
			productName = Alamofire;
		};
/* End XCSwiftPackageProductDependency section */
	};
	rootObject = 843D96D42AE71CB600C4D207 /* Project object */;
}
